github.com/AlainBouchard/engineering-notes v0.0.0-20220518142442-b28e2ce99ded h1:PiuFnmylYotgKIcLT7KthNgTghVKPJcc2/C8QnsuxFY=
github.com/AlainBouchard/engineering-notes v0.0.0-20220518142442-b28e2ce99ded/go.mod h1:D93+tDbgpGnIquOCRAYOU74qKALZVjZ4/7wYjzcF9ys=
github.com/AlainBouchard/engineering-notes v0.0.0-20220518154959-2f57d1375633 h1:5RkBLFid8Kjb0CWYa0qB+ggLyrMBclQSDu5IARzgt/I=
github.com/AlainBouchard/engineering-notes v0.0.0-20220518154959-2f57d1375633/go.mod h1:D93+tDbgpGnIquOCRAYOU74qKALZVjZ4/7wYjzcF9ys=
