github.com/AlainBouchard/engineering-notes v0.0.0-20220711173510-6c3cb4b5525e h1:nBGUJ3H+2Xf9uT6RI8iN+5Lw/Ih/vf8lb5ySMf/Nozw=
github.com/AlainBouchard/engineering-notes v0.0.0-20220711173510-6c3cb4b5525e/go.mod h1:D93+tDbgpGnIquOCRAYOU74qKALZVjZ4/7wYjzcF9ys=
github.com/AlainBouchard/engineering-notes v0.0.0-20220711173902-4cff14581394 h1:MGFK7qPhBbpauohaGuKn1rfAXJrmSj+yfv6bSLBHRNw=
github.com/AlainBouchard/engineering-notes v0.0.0-20220711173902-4cff14581394/go.mod h1:D93+tDbgpGnIquOCRAYOU74qKALZVjZ4/7wYjzcF9ys=
