github.com/AlainBouchard/engineering-notes v0.0.0-20220520203016-9aaa02e19873 h1:vu1soDsWuMx9GmZjAYVlaaTFsR8mvlt0ejzS6YhyNVU=
github.com/AlainBouchard/engineering-notes v0.0.0-20220520203016-9aaa02e19873/go.mod h1:D93+tDbgpGnIquOCRAYOU74qKALZVjZ4/7wYjzcF9ys=
github.com/AlainBouchard/engineering-notes v0.0.0-20220530163616-5e785ae0de46 h1:cxO4PvUwVnKqNmG7bDVnYfgHON0qpj/CcszB3d1VYcw=
github.com/AlainBouchard/engineering-notes v0.0.0-20220530163616-5e785ae0de46/go.mod h1:D93+tDbgpGnIquOCRAYOU74qKALZVjZ4/7wYjzcF9ys=
