github.com/AlainBouchard/engineering-notes v0.0.0-20220520145650-ec94fbb7b7cd h1:axnFYYGXgsOOnnk9q3W0JSZMyRtEOMpimMUyTJL7Tbs=
github.com/AlainBouchard/engineering-notes v0.0.0-20220520145650-ec94fbb7b7cd/go.mod h1:D93+tDbgpGnIquOCRAYOU74qKALZVjZ4/7wYjzcF9ys=
github.com/AlainBouchard/engineering-notes v0.0.0-20220520203016-9aaa02e19873 h1:vu1soDsWuMx9GmZjAYVlaaTFsR8mvlt0ejzS6YhyNVU=
github.com/AlainBouchard/engineering-notes v0.0.0-20220520203016-9aaa02e19873/go.mod h1:D93+tDbgpGnIquOCRAYOU74qKALZVjZ4/7wYjzcF9ys=
